
Microsoft Visual Studio Solution File, Format Version 12.00
# Visual Studio Version 17
VisualStudioVersion = 17.13.35931.197 d17.13
MinimumVisualStudioVersion = 10.0.40219.1
Project("{FAE04EC0-301F-11D3-BF4B-00C04F79EFBC}") = "TM", "TM\TM.csproj", "{14068E42-D03F-4356-BF99-2B781A42EBD1}"
EndProject
Global
	GlobalSection(SolutionConfigurationPlatforms) = preSolution
		Debug|Any CPU = Debug|Any CPU
		Release|Any CPU = Release|Any CPU
	EndGlobalSection
	GlobalSection(ProjectConfigurationPlatforms) = postSolution
		{14068E42-D03F-4356-BF99-2B781A42EBD1}.Debug|Any CPU.ActiveCfg = Debug|Any CPU
		{14068E42-D03F-4356-BF99-2B781A42EBD1}.Debug|Any CPU.Build.0 = Debug|Any CPU
		{14068E42-D03F-4356-BF99-2B781A42EBD1}.Release|Any CPU.ActiveCfg = Release|Any CPU
		{14068E42-D03F-4356-BF99-2B781A42EBD1}.Release|Any CPU.Build.0 = Release|Any CPU
	EndGlobalSection
	GlobalSection(SolutionProperties) = preSolution
		HideSolutionNode = FALSE
	EndGlobalSection
	GlobalSection(ExtensibilityGlobals) = postSolution
		SolutionGuid = {17A34F3F-F491-42CF-AAC2-5D63F26696B8}
	EndGlobalSection
EndGlobal
